
Microsoft Visual Studio Solution File, Format Version 12.00
# Visual Studio 15
VisualStudioVersion = 15.0.28307.852
MinimumVisualStudioVersion = 10.0.40219.1
Project("{FAE04EC0-301F-11D3-BF4B-00C04F79EFBC}") = "SupplementsStore", "SupplementsStore\SupplementsStore.csproj", "{13457ADF-9077-4A4F-A2E9-20B27059C733}"
EndProject
Global
	GlobalSection(SolutionConfigurationPlatforms) = preSolution
		Debug|Any CPU = Debug|Any CPU
		Release|Any CPU = Release|Any CPU
	EndGlobalSection
	GlobalSection(ProjectConfigurationPlatforms) = postSolution
		{13457ADF-9077-4A4F-A2E9-20B27059C733}.Debug|Any CPU.ActiveCfg = Debug|Any CPU
		{13457ADF-9077-4A4F-A2E9-20B27059C733}.Debug|Any CPU.Build.0 = Debug|Any CPU
		{13457ADF-9077-4A4F-A2E9-20B27059C733}.Release|Any CPU.ActiveCfg = Release|Any CPU
		{13457ADF-9077-4A4F-A2E9-20B27059C733}.Release|Any CPU.Build.0 = Release|Any CPU
	EndGlobalSection
	GlobalSection(SolutionProperties) = preSolution
		HideSolutionNode = FALSE
	EndGlobalSection
	GlobalSection(ExtensibilityGlobals) = postSolution
		SolutionGuid = {C3B7B052-49F1-48A3-972E-C9CDE68FDB73}
	EndGlobalSection
EndGlobal
